
Microsoft Visual Studio Solution File, Format Version 12.00
# Visual Studio Version 17
VisualStudioVersion = 17.5.33414.496
MinimumVisualStudioVersion = 10.0.40219.1
Project("{9A19103F-16F7-4668-BE54-9A1E7A4F7556}") = "Lab1", "src\Lab1\Lab1.csproj", "{7C5690BC-6CBF-4728-A842-D23ACDB62032}"
EndProject
Project("{9A19103F-16F7-4668-BE54-9A1E7A4F7556}") = "Lab2", "src\Lab2\Lab2.csproj", "{34540194-3A42-4456-8BCB-8F0CB1823977}"
EndProject
Project("{FAE04EC0-301F-11D3-BF4B-00C04F79EFBC}") = "Lab3", "src\Lab3\Lab3.csproj", "{57861C38-58CA-44CC-B747-4FC58BF2CE5D}"
EndProject
Global
	GlobalSection(SolutionConfigurationPlatforms) = preSolution
		Debug|Any CPU = Debug|Any CPU
		Release|Any CPU = Release|Any CPU
	EndGlobalSection
	GlobalSection(ProjectConfigurationPlatforms) = postSolution
		{7C5690BC-6CBF-4728-A842-D23ACDB62032}.Debug|Any CPU.ActiveCfg = Debug|Any CPU
		{7C5690BC-6CBF-4728-A842-D23ACDB62032}.Debug|Any CPU.Build.0 = Debug|Any CPU
		{7C5690BC-6CBF-4728-A842-D23ACDB62032}.Release|Any CPU.ActiveCfg = Release|Any CPU
		{7C5690BC-6CBF-4728-A842-D23ACDB62032}.Release|Any CPU.Build.0 = Release|Any CPU
		{34540194-3A42-4456-8BCB-8F0CB1823977}.Debug|Any CPU.ActiveCfg = Debug|Any CPU
		{34540194-3A42-4456-8BCB-8F0CB1823977}.Debug|Any CPU.Build.0 = Debug|Any CPU
		{34540194-3A42-4456-8BCB-8F0CB1823977}.Release|Any CPU.ActiveCfg = Release|Any CPU
		{34540194-3A42-4456-8BCB-8F0CB1823977}.Release|Any CPU.Build.0 = Release|Any CPU
		{57861C38-58CA-44CC-B747-4FC58BF2CE5D}.Debug|Any CPU.ActiveCfg = Debug|Any CPU
		{57861C38-58CA-44CC-B747-4FC58BF2CE5D}.Debug|Any CPU.Build.0 = Debug|Any CPU
		{57861C38-58CA-44CC-B747-4FC58BF2CE5D}.Release|Any CPU.ActiveCfg = Release|Any CPU
		{57861C38-58CA-44CC-B747-4FC58BF2CE5D}.Release|Any CPU.Build.0 = Release|Any CPU
	EndGlobalSection
	GlobalSection(SolutionProperties) = preSolution
		HideSolutionNode = FALSE
	EndGlobalSection
	GlobalSection(ExtensibilityGlobals) = postSolution
		SolutionGuid = {06545381-9352-45B5-9DA3-9AE29AF8E37F}
	EndGlobalSection
EndGlobal
